# THIS IS AN AUTOGENERATED FILE. DO NOT EDIT THIS FILE DIRECTLY.
# yarn lockfile v1


"@types/prop-types@*":
  version "15.7.7"
  resolved "https://registry.yarnpkg.com/@types/prop-types/-/prop-types-15.7.7.tgz#f9361f7b87fd5d8188b2c998db0a1f47e9fb391a"
  integrity sha512-FbtmBWCcSa2J4zL781Zf1p5YUBXQomPEcep9QZCfRfQgTxz3pJWiDFLebohZ9fFntX5ibzOkSsrJ0TEew8cAog==

"@types/react@^18.2.22":
  version "18.2.22"
  resolved "https://registry.yarnpkg.com/@types/react/-/react-18.2.22.tgz#abe778a1c95a07fa70df40a52d7300a40b949ccb"
  integrity sha512-60fLTOLqzarLED2O3UQImc/lsNRgG0jE/a1mPW9KjMemY0LMITWEsbS4VvZ4p6rorEHd5YKxxmMKSDK505GHpA==
  dependencies:
    "@types/prop-types" "*"
    "@types/scheduler" "*"
    csstype "^3.0.2"

"@types/scheduler@*":
  version "0.16.4"
  resolved "https://registry.yarnpkg.com/@types/scheduler/-/scheduler-0.16.4.tgz#fedc3e5b15c26dc18faae96bf1317487cb3658cf"
  integrity sha512-2L9ifAGl7wmXwP4v3pN4p2FLhD0O1qsJpvKmNin5VA8+UvNVb447UDaAEV6UdrkA+m/Xs58U1RFps44x6TFsVQ==

csstype@^3.0.2:
  version "3.1.2"
  resolved "https://registry.yarnpkg.com/csstype/-/csstype-3.1.2.tgz#1d4bf9d572f11c14031f0436e1c10bc1f571f50b"
  integrity sha512-I7K1Uu0MBPzaFKg4nI5Q7Vs2t+3gWWW648spaF+Rg7pI9ds18Ugn+lvg4SHczUdKlHI5LWBXyqfS8+DufyBsgQ==

typescript@^5.2.2:
  version "5.2.2"
  resolved "https://registry.yarnpkg.com/typescript/-/typescript-5.2.2.tgz#5ebb5e5a5b75f085f22bc3f8460fba308310fa78"
  integrity sha512-mI4WrpHsbCIcwT9cF4FZvr80QUeKvsUsUvKDoR+X/7XHQH98xYD8YHZg7ANtz2GtZt/CBq2QJ0thkGJMHfqc1w==
